github.com/dfgarciasdev/learning_go_module_a v1.0.0 h1:kO4+e3RajvZ0yjBU/iwU6jir94fnDurlhKMqKbML/RA=
github.com/dfgarciasdev/learning_go_module_a v1.0.0/go.mod h1:yLN/emYulWPBYhElmQ8ORg7OKdV1Ep00QCUnmATeT64=
github.com/dfgarciasdev/learning_go_module_a/v2 v2.0.0 h1:Ylms1uQI5lOcd3OZQaI9xfQzpc/TtoQqTLGSt5hCgWE=
github.com/dfgarciasdev/learning_go_module_a/v2 v2.0.0/go.mod h1:zy5l2ivsM8p+4Z50eyBhcJRC7lQMOs3aTDRg1r/TDvQ=
